// !$*UTF8*$!
{
	archiveVersion = 1;
	classes = {
	};
	objectVersion = 56;
	objects = {

/* Begin PBXBuildFile section */
		DF27AC8F2A4B78E100B00153 /* AvocadosApp.swift in Sources */ = {isa = PBXBuildFile; fileRef = DF27AC8E2A4B78E100B00153 /* AvocadosApp.swift */; };
		DF27AC912A4B78E100B00153 /* ContentView.swift in Sources */ = {isa = PBXBuildFile; fileRef = DF27AC902A4B78E100B00153 /* ContentView.swift */; };
		DF27AC932A4B78E300B00153 /* Assets.xcassets in Resources */ = {isa = PBXBuildFile; fileRef = DF27AC922A4B78E300B00153 /* Assets.xcassets */; };
		DF27AC962A4B78E300B00153 /* Preview Assets.xcassets in Resources */ = {isa = PBXBuildFile; fileRef = DF27AC952A4B78E300B00153 /* Preview Assets.xcassets */; };
		DF27ACA02A4B7BF400B00153 /* LaunchScreen.storyboard in Resources */ = {isa = PBXBuildFile; fileRef = DF27AC9F2A4B7BF400B00153 /* LaunchScreen.storyboard */; };
		DF9DA5A82A4E95CF00499B4E /* AvocadosView.swift in Sources */ = {isa = PBXBuildFile; fileRef = DF9DA5A72A4E95CF00499B4E /* AvocadosView.swift */; };
		DF9DA5AA2A4E95F400499B4E /* RipeningStagesView.swift in Sources */ = {isa = PBXBuildFile; fileRef = DF9DA5A92A4E95F400499B4E /* RipeningStagesView.swift */; };
		DF9DA5AC2A4E968400499B4E /* SettingsView.swift in Sources */ = {isa = PBXBuildFile; fileRef = DF9DA5AB2A4E968400499B4E /* SettingsView.swift */; };
		DF9DA5AE2A4E96C700499B4E /* AppView.swift in Sources */ = {isa = PBXBuildFile; fileRef = DF9DA5AD2A4E96C700499B4E /* AppView.swift */; };
		DF9DA5B02A4F563300499B4E /* HeaderView.swift in Sources */ = {isa = PBXBuildFile; fileRef = DF9DA5AF2A4F563300499B4E /* HeaderView.swift */; };
		DF9DA5B22A4F5FB600499B4E /* HeaderModel.swift in Sources */ = {isa = PBXBuildFile; fileRef = DF9DA5B12A4F5FB600499B4E /* HeaderModel.swift */; };
		DF9DA5B42A4F603800499B4E /* HeaderData.swift in Sources */ = {isa = PBXBuildFile; fileRef = DF9DA5B32A4F603800499B4E /* HeaderData.swift */; };
		DF9DA5B62A4F65AA00499B4E /* DishesView.swift in Sources */ = {isa = PBXBuildFile; fileRef = DF9DA5B52A4F65AA00499B4E /* DishesView.swift */; };
		DF9DA5B82A503CE600499B4E /* FactsView.swift in Sources */ = {isa = PBXBuildFile; fileRef = DF9DA5B72A503CE600499B4E /* FactsView.swift */; };
		DF9DA5BA2A50417200499B4E /* FactsModel.swift in Sources */ = {isa = PBXBuildFile; fileRef = DF9DA5B92A50417200499B4E /* FactsModel.swift */; };
		DF9DA5BC2A5041EA00499B4E /* FactData.swift in Sources */ = {isa = PBXBuildFile; fileRef = DF9DA5BB2A5041EA00499B4E /* FactData.swift */; };
		DF9DA5BE2A50475D00499B4E /* RecipeModel.swift in Sources */ = {isa = PBXBuildFile; fileRef = DF9DA5BD2A50475D00499B4E /* RecipeModel.swift */; };
		DF9DA5C02A50484B00499B4E /* RecipeData.swift in Sources */ = {isa = PBXBuildFile; fileRef = DF9DA5BF2A50484B00499B4E /* RecipeData.swift */; };
		DF9DA5C22A50494F00499B4E /* RecipeCardView.swift in Sources */ = {isa = PBXBuildFile; fileRef = DF9DA5C12A50494F00499B4E /* RecipeCardView.swift */; };
		DFA6FFEC2A50CCB5003AD52E /* RecipeRatingView.swift in Sources */ = {isa = PBXBuildFile; fileRef = DFA6FFEB2A50CCB5003AD52E /* RecipeRatingView.swift */; };
		DFA6FFEE2A50CD9D003AD52E /* RecipeCookingView.swift in Sources */ = {isa = PBXBuildFile; fileRef = DFA6FFED2A50CD9D003AD52E /* RecipeCookingView.swift */; };
		DFA6FFF02A50CE69003AD52E /* RecipeDetailView.swift in Sources */ = {isa = PBXBuildFile; fileRef = DFA6FFEF2A50CE69003AD52E /* RecipeDetailView.swift */; };
		DFEFDDB42A51464E009570BC /* RipeningView.swift in Sources */ = {isa = PBXBuildFile; fileRef = DFEFDDB32A51464E009570BC /* RipeningView.swift */; };
		DFEFDDB62A515100009570BC /* RipeningModel.swift in Sources */ = {isa = PBXBuildFile; fileRef = DFEFDDB52A515100009570BC /* RipeningModel.swift */; };
		DFEFDDB82A515187009570BC /* RipeningData.swift in Sources */ = {isa = PBXBuildFile; fileRef = DFEFDDB72A515187009570BC /* RipeningData.swift */; };
/* End PBXBuildFile section */

/* Begin PBXFileReference section */
		DF27AC8B2A4B78E100B00153 /* Avocados.app */ = {isa = PBXFileReference; explicitFileType = wrapper.application; includeInIndex = 0; path = Avocados.app; sourceTree = BUILT_PRODUCTS_DIR; };
		DF27AC8E2A4B78E100B00153 /* AvocadosApp.swift */ = {isa = PBXFileReference; lastKnownFileType = sourcecode.swift; path = AvocadosApp.swift; sourceTree = "<group>"; };
		DF27AC902A4B78E100B00153 /* ContentView.swift */ = {isa = PBXFileReference; lastKnownFileType = sourcecode.swift; path = ContentView.swift; sourceTree = "<group>"; };
		DF27AC922A4B78E300B00153 /* Assets.xcassets */ = {isa = PBXFileReference; lastKnownFileType = folder.assetcatalog; path = Assets.xcassets; sourceTree = "<group>"; };
		DF27AC952A4B78E300B00153 /* Preview Assets.xcassets */ = {isa = PBXFileReference; lastKnownFileType = folder.assetcatalog; path = "Preview Assets.xcassets"; sourceTree = "<group>"; };
		DF27AC9E2A4B7B4500B00153 /* Info.plist */ = {isa = PBXFileReference; lastKnownFileType = text.plist; path = Info.plist; sourceTree = "<group>"; };
		DF27AC9F2A4B7BF400B00153 /* LaunchScreen.storyboard */ = {isa = PBXFileReference; lastKnownFileType = file.storyboard; path = LaunchScreen.storyboard; sourceTree = "<group>"; };
		DF9DA5A72A4E95CF00499B4E /* AvocadosView.swift */ = {isa = PBXFileReference; lastKnownFileType = sourcecode.swift; path = AvocadosView.swift; sourceTree = "<group>"; };
		DF9DA5A92A4E95F400499B4E /* RipeningStagesView.swift */ = {isa = PBXFileReference; lastKnownFileType = sourcecode.swift; path = RipeningStagesView.swift; sourceTree = "<group>"; };
		DF9DA5AB2A4E968400499B4E /* SettingsView.swift */ = {isa = PBXFileReference; lastKnownFileType = sourcecode.swift; path = SettingsView.swift; sourceTree = "<group>"; };
		DF9DA5AD2A4E96C700499B4E /* AppView.swift */ = {isa = PBXFileReference; lastKnownFileType = sourcecode.swift; path = AppView.swift; sourceTree = "<group>"; };
		DF9DA5AF2A4F563300499B4E /* HeaderView.swift */ = {isa = PBXFileReference; lastKnownFileType = sourcecode.swift; path = HeaderView.swift; sourceTree = "<group>"; };
		DF9DA5B12A4F5FB600499B4E /* HeaderModel.swift */ = {isa = PBXFileReference; lastKnownFileType = sourcecode.swift; path = HeaderModel.swift; sourceTree = "<group>"; };
		DF9DA5B32A4F603800499B4E /* HeaderData.swift */ = {isa = PBXFileReference; lastKnownFileType = sourcecode.swift; path = HeaderData.swift; sourceTree = "<group>"; };
		DF9DA5B52A4F65AA00499B4E /* DishesView.swift */ = {isa = PBXFileReference; lastKnownFileType = sourcecode.swift; path = DishesView.swift; sourceTree = "<group>"; };
		DF9DA5B72A503CE600499B4E /* FactsView.swift */ = {isa = PBXFileReference; lastKnownFileType = sourcecode.swift; path = FactsView.swift; sourceTree = "<group>"; };
		DF9DA5B92A50417200499B4E /* FactsModel.swift */ = {isa = PBXFileReference; lastKnownFileType = sourcecode.swift; path = FactsModel.swift; sourceTree = "<group>"; };
		DF9DA5BB2A5041EA00499B4E /* FactData.swift */ = {isa = PBXFileReference; lastKnownFileType = sourcecode.swift; path = FactData.swift; sourceTree = "<group>"; };
		DF9DA5BD2A50475D00499B4E /* RecipeModel.swift */ = {isa = PBXFileReference; lastKnownFileType = sourcecode.swift; path = RecipeModel.swift; sourceTree = "<group>"; };
		DF9DA5BF2A50484B00499B4E /* RecipeData.swift */ = {isa = PBXFileReference; lastKnownFileType = sourcecode.swift; path = RecipeData.swift; sourceTree = "<group>"; };
		DF9DA5C12A50494F00499B4E /* RecipeCardView.swift */ = {isa = PBXFileReference; lastKnownFileType = sourcecode.swift; path = RecipeCardView.swift; sourceTree = "<group>"; };
		DFA6FFEB2A50CCB5003AD52E /* RecipeRatingView.swift */ = {isa = PBXFileReference; lastKnownFileType = sourcecode.swift; path = RecipeRatingView.swift; sourceTree = "<group>"; };
		DFA6FFED2A50CD9D003AD52E /* RecipeCookingView.swift */ = {isa = PBXFileReference; lastKnownFileType = sourcecode.swift; path = RecipeCookingView.swift; sourceTree = "<group>"; };
		DFA6FFEF2A50CE69003AD52E /* RecipeDetailView.swift */ = {isa = PBXFileReference; lastKnownFileType = sourcecode.swift; path = RecipeDetailView.swift; sourceTree = "<group>"; };
		DFEFDDB32A51464E009570BC /* RipeningView.swift */ = {isa = PBXFileReference; lastKnownFileType = sourcecode.swift; path = RipeningView.swift; sourceTree = "<group>"; };
		DFEFDDB52A515100009570BC /* RipeningModel.swift */ = {isa = PBXFileReference; lastKnownFileType = sourcecode.swift; path = RipeningModel.swift; sourceTree = "<group>"; };
		DFEFDDB72A515187009570BC /* RipeningData.swift */ = {isa = PBXFileReference; lastKnownFileType = sourcecode.swift; path = RipeningData.swift; sourceTree = "<group>"; };
/* End PBXFileReference section */

/* Begin PBXFrameworksBuildPhase section */
		DF27AC882A4B78E100B00153 /* Frameworks */ = {
			isa = PBXFrameworksBuildPhase;
			buildActionMask = 2147483647;
			files = (
			);
			runOnlyForDeploymentPostprocessing = 0;
		};
/* End PBXFrameworksBuildPhase section */

/* Begin PBXGroup section */
		DF27AC822A4B78E100B00153 = {
			isa = PBXGroup;
			children = (
				DF27AC8D2A4B78E100B00153 /* Avocados */,
				DF27AC8C2A4B78E100B00153 /* Products */,
			);
			sourceTree = "<group>";
		};
		DF27AC8C2A4B78E100B00153 /* Products */ = {
			isa = PBXGroup;
			children = (
				DF27AC8B2A4B78E100B00153 /* Avocados.app */,
			);
			name = Products;
			sourceTree = "<group>";
		};
		DF27AC8D2A4B78E100B00153 /* Avocados */ = {
			isa = PBXGroup;
			children = (
				DF27AC8E2A4B78E100B00153 /* AvocadosApp.swift */,
				DF9DA5A62A4E956800499B4E /* View */,
				DF9DA5A52A4E956000499B4E /* Model */,
				DF9DA5A42A4E955300499B4E /* Data */,
				DF27AC9E2A4B7B4500B00153 /* Info.plist */,
				DF27AC922A4B78E300B00153 /* Assets.xcassets */,
				DF27AC942A4B78E300B00153 /* Preview Content */,
				DF27AC9F2A4B7BF400B00153 /* LaunchScreen.storyboard */,
			);
			path = Avocados;
			sourceTree = "<group>";
		};
		DF27AC942A4B78E300B00153 /* Preview Content */ = {
			isa = PBXGroup;
			children = (
				DF27AC952A4B78E300B00153 /* Preview Assets.xcassets */,
			);
			path = "Preview Content";
			sourceTree = "<group>";
		};
		DF9DA5A42A4E955300499B4E /* Data */ = {
			isa = PBXGroup;
			children = (
				DF9DA5B32A4F603800499B4E /* HeaderData.swift */,
				DF9DA5BB2A5041EA00499B4E /* FactData.swift */,
				DF9DA5BF2A50484B00499B4E /* RecipeData.swift */,
				DFEFDDB72A515187009570BC /* RipeningData.swift */,
			);
			path = Data;
			sourceTree = "<group>";
		};
		DF9DA5A52A4E956000499B4E /* Model */ = {
			isa = PBXGroup;
			children = (
				DF9DA5B12A4F5FB600499B4E /* HeaderModel.swift */,
				DF9DA5B92A50417200499B4E /* FactsModel.swift */,
				DF9DA5BD2A50475D00499B4E /* RecipeModel.swift */,
				DFEFDDB52A515100009570BC /* RipeningModel.swift */,
			);
			path = Model;
			sourceTree = "<group>";
		};
		DF9DA5A62A4E956800499B4E /* View */ = {
			isa = PBXGroup;
			children = (
				DF27AC902A4B78E100B00153 /* ContentView.swift */,
				DF9DA5A72A4E95CF00499B4E /* AvocadosView.swift */,
				DF9DA5A92A4E95F400499B4E /* RipeningStagesView.swift */,
				DF9DA5AB2A4E968400499B4E /* SettingsView.swift */,
				DF9DA5AD2A4E96C700499B4E /* AppView.swift */,
				DF9DA5AF2A4F563300499B4E /* HeaderView.swift */,
				DF9DA5B52A4F65AA00499B4E /* DishesView.swift */,
				DF9DA5B72A503CE600499B4E /* FactsView.swift */,
				DF9DA5C12A50494F00499B4E /* RecipeCardView.swift */,
				DFA6FFEB2A50CCB5003AD52E /* RecipeRatingView.swift */,
				DFA6FFED2A50CD9D003AD52E /* RecipeCookingView.swift */,
				DFA6FFEF2A50CE69003AD52E /* RecipeDetailView.swift */,
				DFEFDDB32A51464E009570BC /* RipeningView.swift */,
			);
			path = View;
			sourceTree = "<group>";
		};
/* End PBXGroup section */

/* Begin PBXNativeTarget section */
		DF27AC8A2A4B78E100B00153 /* Avocados */ = {
			isa = PBXNativeTarget;
			buildConfigurationList = DF27AC992A4B78E300B00153 /* Build configuration list for PBXNativeTarget "Avocados" */;
			buildPhases = (
				DF27AC872A4B78E100B00153 /* Sources */,
				DF27AC882A4B78E100B00153 /* Frameworks */,
				DF27AC892A4B78E100B00153 /* Resources */,
			);
			buildRules = (
			);
			dependencies = (
			);
			name = Avocados;
			productName = Avocados;
			productReference = DF27AC8B2A4B78E100B00153 /* Avocados.app */;
			productType = "com.apple.product-type.application";
		};
/* End PBXNativeTarget section */

/* Begin PBXProject section */
		DF27AC832A4B78E100B00153 /* Project object */ = {
			isa = PBXProject;
			attributes = {
				BuildIndependentTargetsInParallel = 1;
				LastSwiftUpdateCheck = 1430;
				LastUpgradeCheck = 1430;
				TargetAttributes = {
					DF27AC8A2A4B78E100B00153 = {
						CreatedOnToolsVersion = 14.3.1;
					};
				};
			};
			buildConfigurationList = DF27AC862A4B78E100B00153 /* Build configuration list for PBXProject "Avocados" */;
			compatibilityVersion = "Xcode 14.0";
			developmentRegion = en;
			hasScannedForEncodings = 0;
			knownRegions = (
				en,
				Base,
			);
			mainGroup = DF27AC822A4B78E100B00153;
			productRefGroup = DF27AC8C2A4B78E100B00153 /* Products */;
			projectDirPath = "";
			projectRoot = "";
			targets = (
				DF27AC8A2A4B78E100B00153 /* Avocados */,
			);
		};
/* End PBXProject section */

/* Begin PBXResourcesBuildPhase section */
		DF27AC892A4B78E100B00153 /* Resources */ = {
			isa = PBXResourcesBuildPhase;
			buildActionMask = 2147483647;
			files = (
				DF27ACA02A4B7BF400B00153 /* LaunchScreen.storyboard in Resources */,
				DF27AC962A4B78E300B00153 /* Preview Assets.xcassets in Resources */,
				DF27AC932A4B78E300B00153 /* Assets.xcassets in Resources */,
			);
			runOnlyForDeploymentPostprocessing = 0;
		};
/* End PBXResourcesBuildPhase section */

/* Begin PBXSourcesBuildPhase section */
		DF27AC872A4B78E100B00153 /* Sources */ = {
			isa = PBXSourcesBuildPhase;
			buildActionMask = 2147483647;
			files = (
				DF9DA5AC2A4E968400499B4E /* SettingsView.swift in Sources */,
				DFA6FFEC2A50CCB5003AD52E /* RecipeRatingView.swift in Sources */,
				DFEFDDB62A515100009570BC /* RipeningModel.swift in Sources */,
				DF27AC912A4B78E100B00153 /* ContentView.swift in Sources */,
				DF9DA5AE2A4E96C700499B4E /* AppView.swift in Sources */,
				DFEFDDB82A515187009570BC /* RipeningData.swift in Sources */,
				DF9DA5AA2A4E95F400499B4E /* RipeningStagesView.swift in Sources */,
				DF27AC8F2A4B78E100B00153 /* AvocadosApp.swift in Sources */,
				DF9DA5BA2A50417200499B4E /* FactsModel.swift in Sources */,
				DF9DA5A82A4E95CF00499B4E /* AvocadosView.swift in Sources */,
				DF9DA5BE2A50475D00499B4E /* RecipeModel.swift in Sources */,
				DF9DA5B22A4F5FB600499B4E /* HeaderModel.swift in Sources */,
				DF9DA5B42A4F603800499B4E /* HeaderData.swift in Sources */,
				DFA6FFEE2A50CD9D003AD52E /* RecipeCookingView.swift in Sources */,
				DFEFDDB42A51464E009570BC /* RipeningView.swift in Sources */,
				DF9DA5B62A4F65AA00499B4E /* DishesView.swift in Sources */,
				DF9DA5B82A503CE600499B4E /* FactsView.swift in Sources */,
				DF9DA5C22A50494F00499B4E /* RecipeCardView.swift in Sources */,
				DF9DA5C02A50484B00499B4E /* RecipeData.swift in Sources */,
				DF9DA5B02A4F563300499B4E /* HeaderView.swift in Sources */,
				DFA6FFF02A50CE69003AD52E /* RecipeDetailView.swift in Sources */,
				DF9DA5BC2A5041EA00499B4E /* FactData.swift in Sources */,
			);
			runOnlyForDeploymentPostprocessing = 0;
		};
/* End PBXSourcesBuildPhase section */

/* Begin XCBuildConfiguration section */
		DF27AC972A4B78E300B00153 /* Debug */ = {
			isa = XCBuildConfiguration;
			buildSettings = {
				ALWAYS_SEARCH_USER_PATHS = NO;
				CLANG_ANALYZER_NONNULL = YES;
				CLANG_ANALYZER_NUMBER_OBJECT_CONVERSION = YES_AGGRESSIVE;
				CLANG_CXX_LANGUAGE_STANDARD = "gnu++20";
				CLANG_ENABLE_MODULES = YES;
				CLANG_ENABLE_OBJC_ARC = YES;
				CLANG_ENABLE_OBJC_WEAK = YES;
				CLANG_WARN_BLOCK_CAPTURE_AUTORELEASING = YES;
				CLANG_WARN_BOOL_CONVERSION = YES;
				CLANG_WARN_COMMA = YES;
				CLANG_WARN_CONSTANT_CONVERSION = YES;
				CLANG_WARN_DEPRECATED_OBJC_IMPLEMENTATIONS = YES;
				CLANG_WARN_DIRECT_OBJC_ISA_USAGE = YES_ERROR;
				CLANG_WARN_DOCUMENTATION_COMMENTS = YES;
				CLANG_WARN_EMPTY_BODY = YES;
				CLANG_WARN_ENUM_CONVERSION = YES;
				CLANG_WARN_INFINITE_RECURSION = YES;
				CLANG_WARN_INT_CONVERSION = YES;
				CLANG_WARN_NON_LITERAL_NULL_CONVERSION = YES;
				CLANG_WARN_OBJC_IMPLICIT_RETAIN_SELF = YES;
				CLANG_WARN_OBJC_LITERAL_CONVERSION = YES;
				CLANG_WARN_OBJC_ROOT_CLASS = YES_ERROR;
				CLANG_WARN_QUOTED_INCLUDE_IN_FRAMEWORK_HEADER = YES;
				CLANG_WARN_RANGE_LOOP_ANALYSIS = YES;
				CLANG_WARN_STRICT_PROTOTYPES = YES;
				CLANG_WARN_SUSPICIOUS_MOVE = YES;
				CLANG_WARN_UNGUARDED_AVAILABILITY = YES_AGGRESSIVE;
				CLANG_WARN_UNREACHABLE_CODE = YES;
				CLANG_WARN__DUPLICATE_METHOD_MATCH = YES;
				COPY_PHASE_STRIP = NO;
				DEBUG_INFORMATION_FORMAT = dwarf;
				ENABLE_STRICT_OBJC_MSGSEND = YES;
				ENABLE_TESTABILITY = YES;
				GCC_C_LANGUAGE_STANDARD = gnu11;
				GCC_DYNAMIC_NO_PIC = NO;
				GCC_NO_COMMON_BLOCKS = YES;
				GCC_OPTIMIZATION_LEVEL = 0;
				GCC_PREPROCESSOR_DEFINITIONS = (
					"DEBUG=1",
					"$(inherited)",
				);
				GCC_WARN_64_TO_32_BIT_CONVERSION = YES;
				GCC_WARN_ABOUT_RETURN_TYPE = YES_ERROR;
				GCC_WARN_UNDECLARED_SELECTOR = YES;
				GCC_WARN_UNINITIALIZED_AUTOS = YES_AGGRESSIVE;
				GCC_WARN_UNUSED_FUNCTION = YES;
				GCC_WARN_UNUSED_VARIABLE = YES;
				IPHONEOS_DEPLOYMENT_TARGET = 16.4;
				MTL_ENABLE_DEBUG_INFO = INCLUDE_SOURCE;
				MTL_FAST_MATH = YES;
				ONLY_ACTIVE_ARCH = YES;
				SDKROOT = iphoneos;
				SWIFT_ACTIVE_COMPILATION_CONDITIONS = DEBUG;
				SWIFT_OPTIMIZATION_LEVEL = "-Onone";
			};
			name = Debug;
		};
		DF27AC982A4B78E300B00153 /* Release */ = {
			isa = XCBuildConfiguration;
			buildSettings = {
				ALWAYS_SEARCH_USER_PATHS = NO;
				CLANG_ANALYZER_NONNULL = YES;
				CLANG_ANALYZER_NUMBER_OBJECT_CONVERSION = YES_AGGRESSIVE;
				CLANG_CXX_LANGUAGE_STANDARD = "gnu++20";
				CLANG_ENABLE_MODULES = YES;
				CLANG_ENABLE_OBJC_ARC = YES;
				CLANG_ENABLE_OBJC_WEAK = YES;
				CLANG_WARN_BLOCK_CAPTURE_AUTORELEASING = YES;
				CLANG_WARN_BOOL_CONVERSION = YES;
				CLANG_WARN_COMMA = YES;
				CLANG_WARN_CONSTANT_CONVERSION = YES;
				CLANG_WARN_DEPRECATED_OBJC_IMPLEMENTATIONS = YES;
				CLANG_WARN_DIRECT_OBJC_ISA_USAGE = YES_ERROR;
				CLANG_WARN_DOCUMENTATION_COMMENTS = YES;
				CLANG_WARN_EMPTY_BODY = YES;
				CLANG_WARN_ENUM_CONVERSION = YES;
				CLANG_WARN_INFINITE_RECURSION = YES;
				CLANG_WARN_INT_CONVERSION = YES;
				CLANG_WARN_NON_LITERAL_NULL_CONVERSION = YES;
				CLANG_WARN_OBJC_IMPLICIT_RETAIN_SELF = YES;
				CLANG_WARN_OBJC_LITERAL_CONVERSION = YES;
				CLANG_WARN_OBJC_ROOT_CLASS = YES_ERROR;
				CLANG_WARN_QUOTED_INCLUDE_IN_FRAMEWORK_HEADER = YES;
				CLANG_WARN_RANGE_LOOP_ANALYSIS = YES;
				CLANG_WARN_STRICT_PROTOTYPES = YES;
				CLANG_WARN_SUSPICIOUS_MOVE = YES;
				CLANG_WARN_UNGUARDED_AVAILABILITY = YES_AGGRESSIVE;
				CLANG_WARN_UNREACHABLE_CODE = YES;
				CLANG_WARN__DUPLICATE_METHOD_MATCH = YES;
				COPY_PHASE_STRIP = NO;
				DEBUG_INFORMATION_FORMAT = "dwarf-with-dsym";
				ENABLE_NS_ASSERTIONS = NO;
				ENABLE_STRICT_OBJC_MSGSEND = YES;
				GCC_C_LANGUAGE_STANDARD = gnu11;
				GCC_NO_COMMON_BLOCKS = YES;
				GCC_WARN_64_TO_32_BIT_CONVERSION = YES;
				GCC_WARN_ABOUT_RETURN_TYPE = YES_ERROR;
				GCC_WARN_UNDECLARED_SELECTOR = YES;
				GCC_WARN_UNINITIALIZED_AUTOS = YES_AGGRESSIVE;
				GCC_WARN_UNUSED_FUNCTION = YES;
				GCC_WARN_UNUSED_VARIABLE = YES;
				IPHONEOS_DEPLOYMENT_TARGET = 16.4;
				MTL_ENABLE_DEBUG_INFO = NO;
				MTL_FAST_MATH = YES;
				SDKROOT = iphoneos;
				SWIFT_COMPILATION_MODE = wholemodule;
				SWIFT_OPTIMIZATION_LEVEL = "-O";
				VALIDATE_PRODUCT = YES;
			};
			name = Release;
		};
		DF27AC9A2A4B78E300B00153 /* Debug */ = {
			isa = XCBuildConfiguration;
			buildSettings = {
				ASSETCATALOG_COMPILER_APPICON_NAME = AppIcon;
				ASSETCATALOG_COMPILER_GLOBAL_ACCENT_COLOR_NAME = AccentColor;
				CODE_SIGN_STYLE = Automatic;
				CURRENT_PROJECT_VERSION = 1;
				DEVELOPMENT_ASSET_PATHS = "\"Avocados/Preview Content\"";
				DEVELOPMENT_TEAM = CSDME8QJX3;
				ENABLE_PREVIEWS = YES;
				GENERATE_INFOPLIST_FILE = YES;
				INFOPLIST_FILE = Avocados/Info.plist;
				INFOPLIST_KEY_UIApplicationSceneManifest_Generation = YES;
				INFOPLIST_KEY_UIApplicationSupportsIndirectInputEvents = YES;
				INFOPLIST_KEY_UILaunchStoryboardName = LaunchScreen.storyboard;
				INFOPLIST_KEY_UISupportedInterfaceOrientations = UIInterfaceOrientationPortrait;
				INFOPLIST_KEY_UISupportedInterfaceOrientations_iPad = "UIInterfaceOrientationLandscapeLeft UIInterfaceOrientationLandscapeRight UIInterfaceOrientationPortrait UIInterfaceOrientationPortraitUpsideDown";
				LD_RUNPATH_SEARCH_PATHS = (
					"$(inherited)",
					"@executable_path/Frameworks",
				);
				MARKETING_VERSION = 1.0;
				PRODUCT_BUNDLE_IDENTIFIER = com.rothermel1.Avocados;
				PRODUCT_NAME = "$(TARGET_NAME)";
				SWIFT_EMIT_LOC_STRINGS = YES;
				SWIFT_VERSION = 5.0;
				TARGETED_DEVICE_FAMILY = "1,2";
			};
			name = Debug;
		};
		DF27AC9B2A4B78E300B00153 /* Release */ = {
			isa = XCBuildConfiguration;
			buildSettings = {
				ASSETCATALOG_COMPILER_APPICON_NAME = AppIcon;
				ASSETCATALOG_COMPILER_GLOBAL_ACCENT_COLOR_NAME = AccentColor;
				CODE_SIGN_STYLE = Automatic;
				CURRENT_PROJECT_VERSION = 1;
				DEVELOPMENT_ASSET_PATHS = "\"Avocados/Preview Content\"";
				DEVELOPMENT_TEAM = CSDME8QJX3;
				ENABLE_PREVIEWS = YES;
				GENERATE_INFOPLIST_FILE = YES;
				INFOPLIST_FILE = Avocados/Info.plist;
				INFOPLIST_KEY_UIApplicationSceneManifest_Generation = YES;
				INFOPLIST_KEY_UIApplicationSupportsIndirectInputEvents = YES;
				INFOPLIST_KEY_UILaunchStoryboardName = LaunchScreen.storyboard;
				INFOPLIST_KEY_UISupportedInterfaceOrientations = UIInterfaceOrientationPortrait;
				INFOPLIST_KEY_UISupportedInterfaceOrientations_iPad = "UIInterfaceOrientationLandscapeLeft UIInterfaceOrientationLandscapeRight UIInterfaceOrientationPortrait UIInterfaceOrientationPortraitUpsideDown";
				LD_RUNPATH_SEARCH_PATHS = (
					"$(inherited)",
					"@executable_path/Frameworks",
				);
				MARKETING_VERSION = 1.0;
				PRODUCT_BUNDLE_IDENTIFIER = com.rothermel1.Avocados;
				PRODUCT_NAME = "$(TARGET_NAME)";
				SWIFT_EMIT_LOC_STRINGS = YES;
				SWIFT_VERSION = 5.0;
				TARGETED_DEVICE_FAMILY = "1,2";
			};
			name = Release;
		};
/* End XCBuildConfiguration section */

/* Begin XCConfigurationList section */
		DF27AC862A4B78E100B00153 /* Build configuration list for PBXProject "Avocados" */ = {
			isa = XCConfigurationList;
			buildConfigurations = (
				DF27AC972A4B78E300B00153 /* Debug */,
				DF27AC982A4B78E300B00153 /* Release */,
			);
			defaultConfigurationIsVisible = 0;
			defaultConfigurationName = Release;
		};
		DF27AC992A4B78E300B00153 /* Build configuration list for PBXNativeTarget "Avocados" */ = {
			isa = XCConfigurationList;
			buildConfigurations = (
				DF27AC9A2A4B78E300B00153 /* Debug */,
				DF27AC9B2A4B78E300B00153 /* Release */,
			);
			defaultConfigurationIsVisible = 0;
			defaultConfigurationName = Release;
		};
/* End XCConfigurationList section */
	};
	rootObject = DF27AC832A4B78E100B00153 /* Project object */;
}
